// !$*UTF8*$!
{
	archiveVersion = 1;
	classes = {
	};
	objectVersion = 46;
	objects = {

/* Begin PBXBuildFile section */
		718574A21E1BEF670051E6A9 /* AppDelegate.swift in Sources */ = {isa = PBXBuildFile; fileRef = 718574A11E1BEF670051E6A9 /* AppDelegate.swift */; };
		718574A41E1BEF670051E6A9 /* ViewController.swift in Sources */ = {isa = PBXBuildFile; fileRef = 718574A31E1BEF670051E6A9 /* ViewController.swift */; };
		718574A71E1BEF670051E6A9 /* Main.storyboard in Resources */ = {isa = PBXBuildFile; fileRef = 718574A51E1BEF670051E6A9 /* Main.storyboard */; };
		718574A91E1BEF670051E6A9 /* Assets.xcassets in Resources */ = {isa = PBXBuildFile; fileRef = 718574A81E1BEF670051E6A9 /* Assets.xcassets */; };
		718574AC1E1BEF670051E6A9 /* LaunchScreen.storyboard in Resources */ = {isa = PBXBuildFile; fileRef = 718574AA1E1BEF670051E6A9 /* LaunchScreen.storyboard */; };
		718ABD861E26480100559062 /* CameraEngine.swift in Sources */ = {isa = PBXBuildFile; fileRef = 718ABD7E1E26480100559062 /* CameraEngine.swift */; };
		718ABD871E26480100559062 /* CameraEngineCaptureOutput.swift in Sources */ = {isa = PBXBuildFile; fileRef = 718ABD7F1E26480100559062 /* CameraEngineCaptureOutput.swift */; };
		718ABD881E26480100559062 /* CameraEngineDevice.swift in Sources */ = {isa = PBXBuildFile; fileRef = 718ABD801E26480100559062 /* CameraEngineDevice.swift */; };
		718ABD891E26480100559062 /* CameraEngineDeviceInput.swift in Sources */ = {isa = PBXBuildFile; fileRef = 718ABD811E26480100559062 /* CameraEngineDeviceInput.swift */; };
		718ABD8A1E26480100559062 /* CameraEngineFileManager.swift in Sources */ = {isa = PBXBuildFile; fileRef = 718ABD821E26480100559062 /* CameraEngineFileManager.swift */; };
		718ABD8B1E26480100559062 /* CameraEngineGifEncoder.swift in Sources */ = {isa = PBXBuildFile; fileRef = 718ABD831E26480100559062 /* CameraEngineGifEncoder.swift */; };
		718ABD8C1E26480100559062 /* CameraEngineMetadataOutput.swift in Sources */ = {isa = PBXBuildFile; fileRef = 718ABD841E26480100559062 /* CameraEngineMetadataOutput.swift */; };
		718ABD8D1E26480100559062 /* CameraEngineVideoEncoder.swift in Sources */ = {isa = PBXBuildFile; fileRef = 718ABD851E26480100559062 /* CameraEngineVideoEncoder.swift */; };
		718ABD8F1E26531600559062 /* Crop.swift in Sources */ = {isa = PBXBuildFile; fileRef = 718ABD8E1E26531600559062 /* Crop.swift */; };
/* End PBXBuildFile section */

/* Begin PBXFileReference section */
		7185749E1E1BEF670051E6A9 /* 169.app */ = {isa = PBXFileReference; explicitFileType = wrapper.application; includeInIndex = 0; path = 169.app; sourceTree = BUILT_PRODUCTS_DIR; };
		718574A11E1BEF670051E6A9 /* AppDelegate.swift */ = {isa = PBXFileReference; lastKnownFileType = sourcecode.swift; path = AppDelegate.swift; sourceTree = "<group>"; };
		718574A31E1BEF670051E6A9 /* ViewController.swift */ = {isa = PBXFileReference; lastKnownFileType = sourcecode.swift; path = ViewController.swift; sourceTree = "<group>"; };
		718574A61E1BEF670051E6A9 /* Base */ = {isa = PBXFileReference; lastKnownFileType = file.storyboard; name = Base; path = Base.lproj/Main.storyboard; sourceTree = "<group>"; };
		718574A81E1BEF670051E6A9 /* Assets.xcassets */ = {isa = PBXFileReference; lastKnownFileType = folder.assetcatalog; path = Assets.xcassets; sourceTree = "<group>"; };
		718574AB1E1BEF670051E6A9 /* Base */ = {isa = PBXFileReference; lastKnownFileType = file.storyboard; name = Base; path = Base.lproj/LaunchScreen.storyboard; sourceTree = "<group>"; };
		718574AD1E1BEF670051E6A9 /* Info.plist */ = {isa = PBXFileReference; lastKnownFileType = text.plist.xml; path = Info.plist; sourceTree = "<group>"; };
		718ABD7D1E26480100559062 /* CameraEngine.h */ = {isa = PBXFileReference; fileEncoding = 4; lastKnownFileType = sourcecode.c.h; path = CameraEngine.h; sourceTree = "<group>"; };
		718ABD7E1E26480100559062 /* CameraEngine.swift */ = {isa = PBXFileReference; fileEncoding = 4; lastKnownFileType = sourcecode.swift; path = CameraEngine.swift; sourceTree = "<group>"; };
		718ABD7F1E26480100559062 /* CameraEngineCaptureOutput.swift */ = {isa = PBXFileReference; fileEncoding = 4; lastKnownFileType = sourcecode.swift; path = CameraEngineCaptureOutput.swift; sourceTree = "<group>"; };
		718ABD801E26480100559062 /* CameraEngineDevice.swift */ = {isa = PBXFileReference; fileEncoding = 4; lastKnownFileType = sourcecode.swift; path = CameraEngineDevice.swift; sourceTree = "<group>"; };
		718ABD811E26480100559062 /* CameraEngineDeviceInput.swift */ = {isa = PBXFileReference; fileEncoding = 4; lastKnownFileType = sourcecode.swift; path = CameraEngineDeviceInput.swift; sourceTree = "<group>"; };
		718ABD821E26480100559062 /* CameraEngineFileManager.swift */ = {isa = PBXFileReference; fileEncoding = 4; lastKnownFileType = sourcecode.swift; path = CameraEngineFileManager.swift; sourceTree = "<group>"; };
		718ABD831E26480100559062 /* CameraEngineGifEncoder.swift */ = {isa = PBXFileReference; fileEncoding = 4; lastKnownFileType = sourcecode.swift; path = CameraEngineGifEncoder.swift; sourceTree = "<group>"; };
		718ABD841E26480100559062 /* CameraEngineMetadataOutput.swift */ = {isa = PBXFileReference; fileEncoding = 4; lastKnownFileType = sourcecode.swift; path = CameraEngineMetadataOutput.swift; sourceTree = "<group>"; };
		718ABD851E26480100559062 /* CameraEngineVideoEncoder.swift */ = {isa = PBXFileReference; fileEncoding = 4; lastKnownFileType = sourcecode.swift; path = CameraEngineVideoEncoder.swift; sourceTree = "<group>"; };
		718ABD8E1E26531600559062 /* Crop.swift */ = {isa = PBXFileReference; fileEncoding = 4; lastKnownFileType = sourcecode.swift; path = Crop.swift; sourceTree = "<group>"; };
/* End PBXFileReference section */

/* Begin PBXFrameworksBuildPhase section */
		7185749B1E1BEF660051E6A9 /* Frameworks */ = {
			isa = PBXFrameworksBuildPhase;
			buildActionMask = 2147483647;
			files = (
			);
			runOnlyForDeploymentPostprocessing = 0;
		};
/* End PBXFrameworksBuildPhase section */

/* Begin PBXGroup section */
		718574951E1BEF660051E6A9 = {
			isa = PBXGroup;
			children = (
				718574A01E1BEF670051E6A9 /* OneSixNine */,
				7185749F1E1BEF670051E6A9 /* Products */,
			);
			sourceTree = "<group>";
		};
		7185749F1E1BEF670051E6A9 /* Products */ = {
			isa = PBXGroup;
			children = (
				7185749E1E1BEF670051E6A9 /* 169.app */,
			);
			name = Products;
			sourceTree = "<group>";
		};
		718574A01E1BEF670051E6A9 /* OneSixNine */ = {
			isa = PBXGroup;
			children = (
				718ABD7C1E26480100559062 /* CameraEngine */,
				718574A11E1BEF670051E6A9 /* AppDelegate.swift */,
				718574A31E1BEF670051E6A9 /* ViewController.swift */,
				718ABD8E1E26531600559062 /* Crop.swift */,
				718574A51E1BEF670051E6A9 /* Main.storyboard */,
				718574A81E1BEF670051E6A9 /* Assets.xcassets */,
				718574AA1E1BEF670051E6A9 /* LaunchScreen.storyboard */,
				718574AD1E1BEF670051E6A9 /* Info.plist */,
			);
			path = OneSixNine;
			sourceTree = "<group>";
		};
		718ABD7C1E26480100559062 /* CameraEngine */ = {
			isa = PBXGroup;
			children = (
				718ABD7D1E26480100559062 /* CameraEngine.h */,
				718ABD7E1E26480100559062 /* CameraEngine.swift */,
				718ABD7F1E26480100559062 /* CameraEngineCaptureOutput.swift */,
				718ABD801E26480100559062 /* CameraEngineDevice.swift */,
				718ABD811E26480100559062 /* CameraEngineDeviceInput.swift */,
				718ABD821E26480100559062 /* CameraEngineFileManager.swift */,
				718ABD831E26480100559062 /* CameraEngineGifEncoder.swift */,
				718ABD841E26480100559062 /* CameraEngineMetadataOutput.swift */,
				718ABD851E26480100559062 /* CameraEngineVideoEncoder.swift */,
			);
			path = CameraEngine;
			sourceTree = "<group>";
		};
/* End PBXGroup section */

/* Begin PBXNativeTarget section */
		7185749D1E1BEF660051E6A9 /* OneSixNine */ = {
			isa = PBXNativeTarget;
			buildConfigurationList = 718574B01E1BEF670051E6A9 /* Build configuration list for PBXNativeTarget "OneSixNine" */;
			buildPhases = (
				7185749A1E1BEF660051E6A9 /* Sources */,
				7185749B1E1BEF660051E6A9 /* Frameworks */,
				7185749C1E1BEF660051E6A9 /* Resources */,
			);
			buildRules = (
			);
			dependencies = (
			);
			name = OneSixNine;
			productName = OneSixNine;
			productReference = 7185749E1E1BEF670051E6A9 /* 169.app */;
			productType = "com.apple.product-type.application";
		};
/* End PBXNativeTarget section */

/* Begin PBXProject section */
		718574961E1BEF660051E6A9 /* Project object */ = {
			isa = PBXProject;
			attributes = {
				LastSwiftUpdateCheck = 0820;
				LastUpgradeCheck = 0820;
				ORGANIZATIONNAME = Ray;
				TargetAttributes = {
					7185749D1E1BEF660051E6A9 = {
						CreatedOnToolsVersion = 8.2.1;
						DevelopmentTeam = MGAF98TG33;
						ProvisioningStyle = Automatic;
					};
				};
			};
			buildConfigurationList = 718574991E1BEF660051E6A9 /* Build configuration list for PBXProject "OneSixNine" */;
			compatibilityVersion = "Xcode 3.2";
			developmentRegion = English;
			hasScannedForEncodings = 0;
			knownRegions = (
				en,
				Base,
			);
			mainGroup = 718574951E1BEF660051E6A9;
			productRefGroup = 7185749F1E1BEF670051E6A9 /* Products */;
			projectDirPath = "";
			projectRoot = "";
			targets = (
				7185749D1E1BEF660051E6A9 /* OneSixNine */,
			);
		};
/* End PBXProject section */

/* Begin PBXResourcesBuildPhase section */
		7185749C1E1BEF660051E6A9 /* Resources */ = {
			isa = PBXResourcesBuildPhase;
			buildActionMask = 2147483647;
			files = (
				718574AC1E1BEF670051E6A9 /* LaunchScreen.storyboard in Resources */,
				718574A91E1BEF670051E6A9 /* Assets.xcassets in Resources */,
				718574A71E1BEF670051E6A9 /* Main.storyboard in Resources */,
			);
			runOnlyForDeploymentPostprocessing = 0;
		};
/* End PBXResourcesBuildPhase section */

/* Begin PBXSourcesBuildPhase section */
		7185749A1E1BEF660051E6A9 /* Sources */ = {
			isa = PBXSourcesBuildPhase;
			buildActionMask = 2147483647;
			files = (
				718574A41E1BEF670051E6A9 /* ViewController.swift in Sources */,
				718ABD891E26480100559062 /* CameraEngineDeviceInput.swift in Sources */,
				718574A21E1BEF670051E6A9 /* AppDelegate.swift in Sources */,
				718ABD8F1E26531600559062 /* Crop.swift in Sources */,
				718ABD881E26480100559062 /* CameraEngineDevice.swift in Sources */,
				718ABD8B1E26480100559062 /* CameraEngineGifEncoder.swift in Sources */,
				718ABD8D1E26480100559062 /* CameraEngineVideoEncoder.swift in Sources */,
				718ABD871E26480100559062 /* CameraEngineCaptureOutput.swift in Sources */,
				718ABD8C1E26480100559062 /* CameraEngineMetadataOutput.swift in Sources */,
				718ABD8A1E26480100559062 /* CameraEngineFileManager.swift in Sources */,
				718ABD861E26480100559062 /* CameraEngine.swift in Sources */,
			);
			runOnlyForDeploymentPostprocessing = 0;
		};
/* End PBXSourcesBuildPhase section */

/* Begin PBXVariantGroup section */
		718574A51E1BEF670051E6A9 /* Main.storyboard */ = {
			isa = PBXVariantGroup;
			children = (
				718574A61E1BEF670051E6A9 /* Base */,
			);
			name = Main.storyboard;
			sourceTree = "<group>";
		};
		718574AA1E1BEF670051E6A9 /* LaunchScreen.storyboard */ = {
			isa = PBXVariantGroup;
			children = (
				718574AB1E1BEF670051E6A9 /* Base */,
			);
			name = LaunchScreen.storyboard;
			sourceTree = "<group>";
		};
/* End PBXVariantGroup section */

/* Begin XCBuildConfiguration section */
		718574AE1E1BEF670051E6A9 /* Debug */ = {
			isa = XCBuildConfiguration;
			buildSettings = {
				ALWAYS_SEARCH_USER_PATHS = NO;
				CLANG_ANALYZER_NONNULL = YES;
				CLANG_CXX_LANGUAGE_STANDARD = "gnu++0x";
				CLANG_CXX_LIBRARY = "libc++";
				CLANG_ENABLE_MODULES = YES;
				CLANG_ENABLE_OBJC_ARC = YES;
				CLANG_WARN_BOOL_CONVERSION = YES;
				CLANG_WARN_CONSTANT_CONVERSION = YES;
				CLANG_WARN_DIRECT_OBJC_ISA_USAGE = YES_ERROR;
				CLANG_WARN_DOCUMENTATION_COMMENTS = YES;
				CLANG_WARN_EMPTY_BODY = YES;
				CLANG_WARN_ENUM_CONVERSION = YES;
				CLANG_WARN_INFINITE_RECURSION = YES;
				CLANG_WARN_INT_CONVERSION = YES;
				CLANG_WARN_OBJC_ROOT_CLASS = YES_ERROR;
				CLANG_WARN_SUSPICIOUS_MOVE = YES;
				CLANG_WARN_UNREACHABLE_CODE = YES;
				CLANG_WARN__DUPLICATE_METHOD_MATCH = YES;
				"CODE_SIGN_IDENTITY[sdk=iphoneos*]" = "iPhone Developer";
				COPY_PHASE_STRIP = NO;
				DEBUG_INFORMATION_FORMAT = dwarf;
				ENABLE_STRICT_OBJC_MSGSEND = YES;
				ENABLE_TESTABILITY = YES;
				GCC_C_LANGUAGE_STANDARD = gnu99;
				GCC_DYNAMIC_NO_PIC = NO;
				GCC_NO_COMMON_BLOCKS = YES;
				GCC_OPTIMIZATION_LEVEL = 0;
				GCC_PREPROCESSOR_DEFINITIONS = (
					"DEBUG=1",
					"$(inherited)",
				);
				GCC_WARN_64_TO_32_BIT_CONVERSION = YES;
				GCC_WARN_ABOUT_RETURN_TYPE = YES_ERROR;
				GCC_WARN_UNDECLARED_SELECTOR = YES;
				GCC_WARN_UNINITIALIZED_AUTOS = YES_AGGRESSIVE;
				GCC_WARN_UNUSED_FUNCTION = YES;
				GCC_WARN_UNUSED_VARIABLE = YES;
				IPHONEOS_DEPLOYMENT_TARGET = 10.2;
				MTL_ENABLE_DEBUG_INFO = YES;
				ONLY_ACTIVE_ARCH = YES;
				SDKROOT = iphoneos;
				SWIFT_ACTIVE_COMPILATION_CONDITIONS = DEBUG;
				SWIFT_OPTIMIZATION_LEVEL = "-Onone";
			};
			name = Debug;
		};
		718574AF1E1BEF670051E6A9 /* Release */ = {
			isa = XCBuildConfiguration;
			buildSettings = {
				ALWAYS_SEARCH_USER_PATHS = NO;
				CLANG_ANALYZER_NONNULL = YES;
				CLANG_CXX_LANGUAGE_STANDARD = "gnu++0x";
				CLANG_CXX_LIBRARY = "libc++";
				CLANG_ENABLE_MODULES = YES;
				CLANG_ENABLE_OBJC_ARC = YES;
				CLANG_WARN_BOOL_CONVERSION = YES;
				CLANG_WARN_CONSTANT_CONVERSION = YES;
				CLANG_WARN_DIRECT_OBJC_ISA_USAGE = YES_ERROR;
				CLANG_WARN_DOCUMENTATION_COMMENTS = YES;
				CLANG_WARN_EMPTY_BODY = YES;
				CLANG_WARN_ENUM_CONVERSION = YES;
				CLANG_WARN_INFINITE_RECURSION = YES;
				CLANG_WARN_INT_CONVERSION = YES;
				CLANG_WARN_OBJC_ROOT_CLASS = YES_ERROR;
				CLANG_WARN_SUSPICIOUS_MOVE = YES;
				CLANG_WARN_UNREACHABLE_CODE = YES;
				CLANG_WARN__DUPLICATE_METHOD_MATCH = YES;
				"CODE_SIGN_IDENTITY[sdk=iphoneos*]" = "iPhone Developer";
				COPY_PHASE_STRIP = NO;
				DEBUG_INFORMATION_FORMAT = "dwarf-with-dsym";
				ENABLE_NS_ASSERTIONS = NO;
				ENABLE_STRICT_OBJC_MSGSEND = YES;
				GCC_C_LANGUAGE_STANDARD = gnu99;
				GCC_NO_COMMON_BLOCKS = YES;
				GCC_WARN_64_TO_32_BIT_CONVERSION = YES;
				GCC_WARN_ABOUT_RETURN_TYPE = YES_ERROR;
				GCC_WARN_UNDECLARED_SELECTOR = YES;
				GCC_WARN_UNINITIALIZED_AUTOS = YES_AGGRESSIVE;
				GCC_WARN_UNUSED_FUNCTION = YES;
				GCC_WARN_UNUSED_VARIABLE = YES;
				IPHONEOS_DEPLOYMENT_TARGET = 10.2;
				MTL_ENABLE_DEBUG_INFO = NO;
				SDKROOT = iphoneos;
				SWIFT_OPTIMIZATION_LEVEL = "-Owholemodule";
				VALIDATE_PRODUCT = YES;
			};
			name = Release;
		};
		718574B11E1BEF670051E6A9 /* Debug */ = {
			isa = XCBuildConfiguration;
			buildSettings = {
				ASSETCATALOG_COMPILER_APPICON_NAME = AppIcon;
				DEVELOPMENT_TEAM = MGAF98TG33;
				INFOPLIST_FILE = OneSixNine/Info.plist;
				LD_RUNPATH_SEARCH_PATHS = "$(inherited) @executable_path/Frameworks";
				PRODUCT_BUNDLE_IDENTIFIER = com.rayps.OneSixNine;
				PRODUCT_NAME = 169;
				SWIFT_VERSION = 3.0;
			};
			name = Debug;
		};
		718574B21E1BEF670051E6A9 /* Release */ = {
			isa = XCBuildConfiguration;
			buildSettings = {
				ASSETCATALOG_COMPILER_APPICON_NAME = AppIcon;
				DEVELOPMENT_TEAM = MGAF98TG33;
				INFOPLIST_FILE = OneSixNine/Info.plist;
				LD_RUNPATH_SEARCH_PATHS = "$(inherited) @executable_path/Frameworks";
				PRODUCT_BUNDLE_IDENTIFIER = com.rayps.OneSixNine;
				PRODUCT_NAME = 169;
				SWIFT_VERSION = 3.0;
			};
			name = Release;
		};
/* End XCBuildConfiguration section */

/* Begin XCConfigurationList section */
		718574991E1BEF660051E6A9 /* Build configuration list for PBXProject "OneSixNine" */ = {
			isa = XCConfigurationList;
			buildConfigurations = (
				718574AE1E1BEF670051E6A9 /* Debug */,
				718574AF1E1BEF670051E6A9 /* Release */,
			);
			defaultConfigurationIsVisible = 0;
			defaultConfigurationName = Release;
		};
		718574B01E1BEF670051E6A9 /* Build configuration list for PBXNativeTarget "OneSixNine" */ = {
			isa = XCConfigurationList;
			buildConfigurations = (
				718574B11E1BEF670051E6A9 /* Debug */,
				718574B21E1BEF670051E6A9 /* Release */,
			);
			defaultConfigurationIsVisible = 0;
			defaultConfigurationName = Release;
		};
/* End XCConfigurationList section */
	};
	rootObject = 718574961E1BEF660051E6A9 /* Project object */;
}
